
Microsoft Visual Studio Solution File, Format Version 12.00
# Visual Studio 15
VisualStudioVersion = 15.0.28307.645
MinimumVisualStudioVersion = 10.0.40219.1
Project("{FAE04EC0-301F-11D3-BF4B-00C04F79EFBC}") = "MPZT.GUI", "MPZT.GUI\MPZT.GUI.csproj", "{55564902-1B44-48B5-9074-AAECDB50416E}"
EndProject
Project("{FAE04EC0-301F-11D3-BF4B-00C04F79EFBC}") = "MPZT.Core", "MPZT.Core\MPZT.Core.csproj", "{2E3A444B-334F-42D2-8979-68CF7332E864}"
EndProject
Project("{FAE04EC0-301F-11D3-BF4B-00C04F79EFBC}") = "MPZT.Infrastructure", "MPZT.Infrustructure\MPZT.Infrastructure.csproj", "{A0B46255-5725-4A6A-A1E6-742E1F576F4A}"
EndProject
Project("{FAE04EC0-301F-11D3-BF4B-00C04F79EFBC}") = "MPZT.Api", "MPZT.Api\MPZT.Api.csproj", "{758E164F-8AC0-40F2-B942-5094D0E35F86}"
EndProject
Project("{FAE04EC0-301F-11D3-BF4B-00C04F79EFBC}") = "MPZT.Infrastructure.Test", "MPZT.Infrastructure.Test\MPZT.Infrastructure.Test.csproj", "{7E137149-FE95-4F4D-B2B6-D773FFCD592E}"
EndProject
Project("{FAE04EC0-301F-11D3-BF4B-00C04F79EFBC}") = "MPZT.GUI.Test", "MPZT.GUI.Test\MPZT.GUI.Test.csproj", "{0120C509-F570-43C3-9E0A-6793D613F93D}"
EndProject
Global
	GlobalSection(SolutionConfigurationPlatforms) = preSolution
		Debug|Any CPU = Debug|Any CPU
		Release|Any CPU = Release|Any CPU
	EndGlobalSection
	GlobalSection(ProjectConfigurationPlatforms) = postSolution
		{55564902-1B44-48B5-9074-AAECDB50416E}.Debug|Any CPU.ActiveCfg = Debug|Any CPU
		{55564902-1B44-48B5-9074-AAECDB50416E}.Debug|Any CPU.Build.0 = Debug|Any CPU
		{55564902-1B44-48B5-9074-AAECDB50416E}.Release|Any CPU.ActiveCfg = Release|Any CPU
		{55564902-1B44-48B5-9074-AAECDB50416E}.Release|Any CPU.Build.0 = Release|Any CPU
		{2E3A444B-334F-42D2-8979-68CF7332E864}.Debug|Any CPU.ActiveCfg = Debug|Any CPU
		{2E3A444B-334F-42D2-8979-68CF7332E864}.Debug|Any CPU.Build.0 = Debug|Any CPU
		{2E3A444B-334F-42D2-8979-68CF7332E864}.Release|Any CPU.ActiveCfg = Release|Any CPU
		{2E3A444B-334F-42D2-8979-68CF7332E864}.Release|Any CPU.Build.0 = Release|Any CPU
		{A0B46255-5725-4A6A-A1E6-742E1F576F4A}.Debug|Any CPU.ActiveCfg = Debug|Any CPU
		{A0B46255-5725-4A6A-A1E6-742E1F576F4A}.Debug|Any CPU.Build.0 = Debug|Any CPU
		{A0B46255-5725-4A6A-A1E6-742E1F576F4A}.Release|Any CPU.ActiveCfg = Release|Any CPU
		{A0B46255-5725-4A6A-A1E6-742E1F576F4A}.Release|Any CPU.Build.0 = Release|Any CPU
		{758E164F-8AC0-40F2-B942-5094D0E35F86}.Debug|Any CPU.ActiveCfg = Debug|Any CPU
		{758E164F-8AC0-40F2-B942-5094D0E35F86}.Debug|Any CPU.Build.0 = Debug|Any CPU
		{758E164F-8AC0-40F2-B942-5094D0E35F86}.Release|Any CPU.ActiveCfg = Release|Any CPU
		{758E164F-8AC0-40F2-B942-5094D0E35F86}.Release|Any CPU.Build.0 = Release|Any CPU
		{7E137149-FE95-4F4D-B2B6-D773FFCD592E}.Debug|Any CPU.ActiveCfg = Debug|Any CPU
		{7E137149-FE95-4F4D-B2B6-D773FFCD592E}.Debug|Any CPU.Build.0 = Debug|Any CPU
		{7E137149-FE95-4F4D-B2B6-D773FFCD592E}.Release|Any CPU.ActiveCfg = Release|Any CPU
		{7E137149-FE95-4F4D-B2B6-D773FFCD592E}.Release|Any CPU.Build.0 = Release|Any CPU
		{0120C509-F570-43C3-9E0A-6793D613F93D}.Debug|Any CPU.ActiveCfg = Debug|Any CPU
		{0120C509-F570-43C3-9E0A-6793D613F93D}.Debug|Any CPU.Build.0 = Debug|Any CPU
		{0120C509-F570-43C3-9E0A-6793D613F93D}.Release|Any CPU.ActiveCfg = Release|Any CPU
		{0120C509-F570-43C3-9E0A-6793D613F93D}.Release|Any CPU.Build.0 = Release|Any CPU
	EndGlobalSection
	GlobalSection(SolutionProperties) = preSolution
		HideSolutionNode = FALSE
	EndGlobalSection
	GlobalSection(ExtensibilityGlobals) = postSolution
		SolutionGuid = {6775184B-50BB-4214-A284-ABB2435B65EF}
	EndGlobalSection
EndGlobal
